<?xml version="1.0" encoding="utf-8"?>
<Project ToolsVersion="4.0" xmlns="http://schemas.microsoft.com/developer/msbuild/2003">
  <ItemGroup>
    <Filter Include="소스 파일">
      <UniqueIdentifier>{4FC737F1-C7A5-4376-A066-2A32D752A2FF}</UniqueIdentifier>
      <Extensions>cpp;c;cc;cxx;c++;cppm;ixx;def;odl;idl;hpj;bat;asm;asmx</Extensions>
    </Filter>
    <Filter Include="헤더 파일">
      <UniqueIdentifier>{93995380-89BD-4b04-88EB-625FBE52EBFB}</UniqueIdentifier>
      <Extensions>h;hh;hpp;hxx;h++;hm;inl;inc;ipp;xsd</Extensions>
    </Filter>
    <Filter Include="리소스 파일">
      <UniqueIdentifier>{67DA6AB6-F800-4c08-8B7A-83BB121AAD01}</UniqueIdentifier>
      <Extensions>rc;ico;cur;bmp;dlg;rc2;rct;bin;rgs;gif;jpg;jpeg;jpe;resx;tiff;tif;png;wav;mfcribbon-ms</Extensions>
    </Filter>
  </ItemGroup>
  <ItemGroup>
    <ClCompile Include="test.c">
      <Filter>소스 파일</Filter>
    </ClCompile>
    <ClCompile Include="예제1.c">
      <Filter>소스 파일</Filter>
    </ClCompile>
    <ClCompile Include="예제2.c">
      <Filter>소스 파일</Filter>
    </ClCompile>
    <ClCompile Include="예제3.c">
      <Filter>소스 파일</Filter>
    </ClCompile>
    <ClCompile Include="예제4.c">
      <Filter>소스 파일</Filter>
    </ClCompile>
    <ClCompile Include="예제6.c">
      <Filter>소스 파일</Filter>
    </ClCompile>
    <ClCompile Include="예제5.c">
      <Filter>소스 파일</Filter>
    </ClCompile>
    <ClCompile Include="3주차 prog1.c">
      <Filter>소스 파일</Filter>
    </ClCompile>
    <ClCompile Include="3주차 prog2.c">
      <Filter>소스 파일</Filter>
    </ClCompile>
    <ClCompile Include="3주차 prog3.c">
      <Filter>소스 파일</Filter>
    </ClCompile>
    <ClCompile Include="3주차 prog4.c">
      <Filter>소스 파일</Filter>
    </ClCompile>
    <ClCompile Include="의사코드 실습예제 1.c">
      <Filter>소스 파일</Filter>
    </ClCompile>
    <ClCompile Include="의사코드 실습예제 2.c">
      <Filter>소스 파일</Filter>
    </ClCompile>
    <ClCompile Include="의사코드 실습예제 3.c">
      <Filter>소스 파일</Filter>
    </ClCompile>
    <ClCompile Include="의사코드 실습예제 4.c">
      <Filter>소스 파일</Filter>
    </ClCompile>
    <ClCompile Include="의사코드 실습예제 5.c">
      <Filter>소스 파일</Filter>
    </ClCompile>
    <ClCompile Include="의사코드 실습예제 6.c">
      <Filter>소스 파일</Filter>
    </ClCompile>
    <ClCompile Include="의사코드 실습예제 7.c">
      <Filter>소스 파일</Filter>
    </ClCompile>
    <ClCompile Include="의사코드 실습예제 8.c">
      <Filter>소스 파일</Filter>
    </ClCompile>
    <ClCompile Include="1차원 배열(두 요소값 서로 바꾸기).c">
      <Filter>소스 파일</Filter>
    </ClCompile>
    <ClCompile Include="1차원 배열(오른쪽으로 shift).c">
      <Filter>소스 파일</Filter>
    </ClCompile>
    <ClCompile Include="1차원 배열(요소 삽입).c">
      <Filter>소스 파일</Filter>
    </ClCompile>
    <ClCompile Include="팩토리얼.c">
      <Filter>소스 파일</Filter>
    </ClCompile>
    <ClCompile Include="피보나치.c">
      <Filter>소스 파일</Filter>
    </ClCompile>
    <ClCompile Include="2차원 배열 채우기.c">
      <Filter>소스 파일</Filter>
    </ClCompile>
    <ClCompile Include="소수 구하기.c">
      <Filter>소스 파일</Filter>
    </ClCompile>
    <ClCompile Include="구구단표.c">
      <Filter>소스 파일</Filter>
    </ClCompile>
    <ClCompile Include="총점, 평균 계산.c">
      <Filter>소스 파일</Filter>
    </ClCompile>
    <ClCompile Include="최대공약수.c">
      <Filter>소스 파일</Filter>
    </ClCompile>
    <ClCompile Include="파일처리해서 명령인수.c">
      <Filter>소스 파일</Filter>
    </ClCompile>
    <ClCompile Include="하노이탑.c">
      <Filter>소스 파일</Filter>
    </ClCompile>
    <ClCompile Include="하노이탑2.c">
      <Filter>소스 파일</Filter>
    </ClCompile>
    <ClCompile Include="오름차순 정렬 이진탐색.c">
      <Filter>소스 파일</Filter>
    </ClCompile>
    <ClCompile Include="내림차순 정렬 이진탐색.c">
      <Filter>소스 파일</Filter>
    </ClCompile>
    <ClCompile Include="정수 단순 계산기 프로그램.c">
      <Filter>소스 파일</Filter>
    </ClCompile>
    <ClCompile Include="magicSqure.c">
      <Filter>소스 파일</Filter>
    </ClCompile>
    <ClCompile Include="struct_ex.c">
      <Filter>소스 파일</Filter>
    </ClCompile>
    <ClCompile Include="실수 단순 계산 프로그램 수정.c">
      <Filter>소스 파일</Filter>
    </ClCompile>
  </ItemGroup>
</Project>